
Microsoft Visual Studio Solution File, Format Version 12.00
# Visual Studio Version 17
VisualStudioVersion = 17.5.33516.290
MinimumVisualStudioVersion = 10.0.40219.1
Project("{2150E333-8FDC-42A3-9474-1A3956D46DE8}") = "src", "src", "{7BA85D9C-74BC-40B8-A87B-121EC60A1EAE}"
EndProject
Project("{2150E333-8FDC-42A3-9474-1A3956D46DE8}") = "tests", "tests", "{FD92D616-1E9D-4739-AB38-4E47F6B3CF3E}"
EndProject
Project("{2150E333-8FDC-42A3-9474-1A3956D46DE8}") = "ApiGateways", "ApiGateways", "{79DCDA30-5A3A-42C5-ACBE-F7DEDD7CDE43}"
EndProject
Project("{2150E333-8FDC-42A3-9474-1A3956D46DE8}") = "Services", "Services", "{3D911F4D-D366-4298-A682-D26F8FCB5BB2}"
EndProject
Project("{2150E333-8FDC-42A3-9474-1A3956D46DE8}") = "Event", "Event", "{4981998E-D0A2-4CF0-BD35-B06CABD676F4}"
EndProject
Project("{2150E333-8FDC-42A3-9474-1A3956D46DE8}") = "User", "User", "{4AD36AA5-5104-44E5-A822-301D47C61425}"
EndProject
Project("{2150E333-8FDC-42A3-9474-1A3956D46DE8}") = "Notification", "Notification", "{984F2B10-C8FE-4EBD-BFE2-C9676A043717}"
EndProject
Project("{2150E333-8FDC-42A3-9474-1A3956D46DE8}") = "Analytics", "Analytics", "{9CFB756F-5F83-4BCD-8FE2-F4887D4D86E8}"
EndProject
Project("{2150E333-8FDC-42A3-9474-1A3956D46DE8}") = "Tests", "Tests", "{5AAD59D0-4D2D-4D86-A083-9A8A4F8EEF51}"
EndProject
Project("{2150E333-8FDC-42A3-9474-1A3956D46DE8}") = "Tests", "Tests", "{672D513A-3088-4655-AD02-E597B1B09ACC}"
EndProject
Project("{2150E333-8FDC-42A3-9474-1A3956D46DE8}") = "Tests", "Tests", "{4E811CDA-CB2B-4FF8-88F0-6A71E7677C7F}"
EndProject
Project("{2150E333-8FDC-42A3-9474-1A3956D46DE8}") = "tests", "tests", "{75E2BE41-BAB5-4EE7-AD41-2773ED79B342}"
EndProject
Project("{9A19103F-16F7-4668-BE54-9A1E7A4F7556}") = "Event.Domain", "Services\Event\Event.Domain\Event.Domain.csproj", "{CE6D9CCA-C799-4C63-B168-28B0ED362D6B}"
EndProject
Project("{9A19103F-16F7-4668-BE54-9A1E7A4F7556}") = "Event.Application", "Services\Event\Event.Application\Event.Application.csproj", "{66226498-A497-4ABF-9FD1-5A5E1A083FC9}"
EndProject
Project("{9A19103F-16F7-4668-BE54-9A1E7A4F7556}") = "Event.API", "Services\Event\Event.API\Event.API.csproj", "{528BC4B8-8DE6-4D2E-AB02-1DA7C1D4D5A5}"
EndProject
Project("{9A19103F-16F7-4668-BE54-9A1E7A4F7556}") = "Event.Infrastructure", "Services\Event\Event.Infrastructure\Event.Infrastructure.csproj", "{887AD67B-164C-4CA8-892B-DE161E290676}"
EndProject
Project("{9A19103F-16F7-4668-BE54-9A1E7A4F7556}") = "Event.Common.Abstractions", "Services\Event\Event.Common.Abstractions\Event.Common.Abstractions.csproj", "{BBEEBDB7-BCDB-4AB3-964C-00D2B20795C8}"
EndProject
Project("{FAE04EC0-301F-11D3-BF4B-00C04F79EFBC}") = "Event.Common", "Services\Event\Event.Common\Event.Common.csproj", "{60A6A39C-62FB-4BE3-9EE8-E46CF12D8CDB}"
EndProject
Global
	GlobalSection(SolutionConfigurationPlatforms) = preSolution
		Debug|Any CPU = Debug|Any CPU
		Release|Any CPU = Release|Any CPU
	EndGlobalSection
	GlobalSection(ProjectConfigurationPlatforms) = postSolution
		{CE6D9CCA-C799-4C63-B168-28B0ED362D6B}.Debug|Any CPU.ActiveCfg = Debug|Any CPU
		{CE6D9CCA-C799-4C63-B168-28B0ED362D6B}.Debug|Any CPU.Build.0 = Debug|Any CPU
		{CE6D9CCA-C799-4C63-B168-28B0ED362D6B}.Release|Any CPU.ActiveCfg = Release|Any CPU
		{CE6D9CCA-C799-4C63-B168-28B0ED362D6B}.Release|Any CPU.Build.0 = Release|Any CPU
		{66226498-A497-4ABF-9FD1-5A5E1A083FC9}.Debug|Any CPU.ActiveCfg = Debug|Any CPU
		{66226498-A497-4ABF-9FD1-5A5E1A083FC9}.Debug|Any CPU.Build.0 = Debug|Any CPU
		{66226498-A497-4ABF-9FD1-5A5E1A083FC9}.Release|Any CPU.ActiveCfg = Release|Any CPU
		{66226498-A497-4ABF-9FD1-5A5E1A083FC9}.Release|Any CPU.Build.0 = Release|Any CPU
		{528BC4B8-8DE6-4D2E-AB02-1DA7C1D4D5A5}.Debug|Any CPU.ActiveCfg = Debug|Any CPU
		{528BC4B8-8DE6-4D2E-AB02-1DA7C1D4D5A5}.Debug|Any CPU.Build.0 = Debug|Any CPU
		{528BC4B8-8DE6-4D2E-AB02-1DA7C1D4D5A5}.Release|Any CPU.ActiveCfg = Release|Any CPU
		{528BC4B8-8DE6-4D2E-AB02-1DA7C1D4D5A5}.Release|Any CPU.Build.0 = Release|Any CPU
		{887AD67B-164C-4CA8-892B-DE161E290676}.Debug|Any CPU.ActiveCfg = Debug|Any CPU
		{887AD67B-164C-4CA8-892B-DE161E290676}.Debug|Any CPU.Build.0 = Debug|Any CPU
		{887AD67B-164C-4CA8-892B-DE161E290676}.Release|Any CPU.ActiveCfg = Release|Any CPU
		{887AD67B-164C-4CA8-892B-DE161E290676}.Release|Any CPU.Build.0 = Release|Any CPU
		{BBEEBDB7-BCDB-4AB3-964C-00D2B20795C8}.Debug|Any CPU.ActiveCfg = Debug|Any CPU
		{BBEEBDB7-BCDB-4AB3-964C-00D2B20795C8}.Debug|Any CPU.Build.0 = Debug|Any CPU
		{BBEEBDB7-BCDB-4AB3-964C-00D2B20795C8}.Release|Any CPU.ActiveCfg = Release|Any CPU
		{BBEEBDB7-BCDB-4AB3-964C-00D2B20795C8}.Release|Any CPU.Build.0 = Release|Any CPU
		{60A6A39C-62FB-4BE3-9EE8-E46CF12D8CDB}.Debug|Any CPU.ActiveCfg = Debug|Any CPU
		{60A6A39C-62FB-4BE3-9EE8-E46CF12D8CDB}.Debug|Any CPU.Build.0 = Debug|Any CPU
		{60A6A39C-62FB-4BE3-9EE8-E46CF12D8CDB}.Release|Any CPU.ActiveCfg = Release|Any CPU
		{60A6A39C-62FB-4BE3-9EE8-E46CF12D8CDB}.Release|Any CPU.Build.0 = Release|Any CPU
	EndGlobalSection
	GlobalSection(SolutionProperties) = preSolution
		HideSolutionNode = FALSE
	EndGlobalSection
	GlobalSection(NestedProjects) = preSolution
		{79DCDA30-5A3A-42C5-ACBE-F7DEDD7CDE43} = {7BA85D9C-74BC-40B8-A87B-121EC60A1EAE}
		{3D911F4D-D366-4298-A682-D26F8FCB5BB2} = {7BA85D9C-74BC-40B8-A87B-121EC60A1EAE}
		{4981998E-D0A2-4CF0-BD35-B06CABD676F4} = {3D911F4D-D366-4298-A682-D26F8FCB5BB2}
		{4AD36AA5-5104-44E5-A822-301D47C61425} = {3D911F4D-D366-4298-A682-D26F8FCB5BB2}
		{984F2B10-C8FE-4EBD-BFE2-C9676A043717} = {3D911F4D-D366-4298-A682-D26F8FCB5BB2}
		{9CFB756F-5F83-4BCD-8FE2-F4887D4D86E8} = {3D911F4D-D366-4298-A682-D26F8FCB5BB2}
		{5AAD59D0-4D2D-4D86-A083-9A8A4F8EEF51} = {4981998E-D0A2-4CF0-BD35-B06CABD676F4}
		{672D513A-3088-4655-AD02-E597B1B09ACC} = {984F2B10-C8FE-4EBD-BFE2-C9676A043717}
		{4E811CDA-CB2B-4FF8-88F0-6A71E7677C7F} = {4AD36AA5-5104-44E5-A822-301D47C61425}
		{75E2BE41-BAB5-4EE7-AD41-2773ED79B342} = {9CFB756F-5F83-4BCD-8FE2-F4887D4D86E8}
		{CE6D9CCA-C799-4C63-B168-28B0ED362D6B} = {4981998E-D0A2-4CF0-BD35-B06CABD676F4}
		{66226498-A497-4ABF-9FD1-5A5E1A083FC9} = {4981998E-D0A2-4CF0-BD35-B06CABD676F4}
		{528BC4B8-8DE6-4D2E-AB02-1DA7C1D4D5A5} = {4981998E-D0A2-4CF0-BD35-B06CABD676F4}
		{887AD67B-164C-4CA8-892B-DE161E290676} = {4981998E-D0A2-4CF0-BD35-B06CABD676F4}
		{BBEEBDB7-BCDB-4AB3-964C-00D2B20795C8} = {4981998E-D0A2-4CF0-BD35-B06CABD676F4}
		{60A6A39C-62FB-4BE3-9EE8-E46CF12D8CDB} = {4981998E-D0A2-4CF0-BD35-B06CABD676F4}
	EndGlobalSection
	GlobalSection(ExtensibilityGlobals) = postSolution
		SolutionGuid = {FAC4FEB2-22A0-4FBC-A6C2-23DDA717DF49}
	EndGlobalSection
EndGlobal
